{
  "pins" : [
    {
      "identity" : "coffee",
      "kind" : "remoteSourceControl",
      "location" : "https://github.com/macoskit/coffee.git",
      "state" : {
        "branch" : "main",
        "revision" : "1ddc315a509252ca58056fea9a75959f11c57d35"
      }
    },
    {
      "identity" : "package",
      "kind" : "remoteSourceControl",
      "location" : "https://github.com/archivable/package.git",
      "state" : {
        "branch" : "main",
        "revision" : "61aabeb257e6e26fdf3ed73d7198930cf926410f"
      }
    }
  ],
  "version" : 2
}
