{
  "pins" : [
    {
      "identity" : "coffee",
      "kind" : "remoteSourceControl",
      "location" : "https://github.com/macoskit/coffee.git",
      "state" : {
        "branch" : "main",
        "revision" : "c5d44f0150d4e850d3478be7f6a8dfea4b19d621"
      }
    },
    {
      "identity" : "package",
      "kind" : "remoteSourceControl",
      "location" : "https://github.com/archivable/package.git",
      "state" : {
        "branch" : "main",
        "revision" : "61aabeb257e6e26fdf3ed73d7198930cf926410f"
      }
    }
  ],
  "version" : 2
}
