{
  "pins" : [
    {
      "identity" : "coffee",
      "kind" : "remoteSourceControl",
      "location" : "https://github.com/macoskit/coffee.git",
      "state" : {
        "branch" : "main",
        "revision" : "7514c590609ad61ee5cfd2a1d71ec3be65396ea7"
      }
    },
    {
      "identity" : "package",
      "kind" : "remoteSourceControl",
      "location" : "https://github.com/archivable/package.git",
      "state" : {
        "branch" : "main",
        "revision" : "61aabeb257e6e26fdf3ed73d7198930cf926410f"
      }
    }
  ],
  "version" : 2
}
