// !$*UTF8*$!
{
	archiveVersion = 1;
	classes = {
	};
	objectVersion = 55;
	objects = {

/* Begin PBXBuildFile section */
		CE19C0E5287701C60045E221 /* Preferences.swift in Sources */ = {isa = PBXBuildFile; fileRef = CE19C0E4287701C60045E221 /* Preferences.swift */; };
		CE19C0E7287702370045E221 /* Preferences.Feeds.swift in Sources */ = {isa = PBXBuildFile; fileRef = CE19C0E6287702370045E221 /* Preferences.Feeds.swift */; };
		CE19C0E9287702800045E221 /* Preferences.Feeds.Switch.swift in Sources */ = {isa = PBXBuildFile; fileRef = CE19C0E8287702800045E221 /* Preferences.Feeds.Switch.swift */; };
		CE19C0EB287725330045E221 /* Stack.swift in Sources */ = {isa = PBXBuildFile; fileRef = CE19C0EA287725330045E221 /* Stack.swift */; };
		CE19C0ED287726150045E221 /* Sidebar.Item.swift in Sources */ = {isa = PBXBuildFile; fileRef = CE19C0EC287726150045E221 /* Sidebar.Item.swift */; };
		CE346080287066FD001962E7 /* App.swift in Sources */ = {isa = PBXBuildFile; fileRef = CE34607F287066FD001962E7 /* App.swift */; };
		CE346082287066FD001962E7 /* Window.swift in Sources */ = {isa = PBXBuildFile; fileRef = CE346081287066FD001962E7 /* Window.swift */; };
		CE346084287066FE001962E7 /* Assets.xcassets in Resources */ = {isa = PBXBuildFile; fileRef = CE346083287066FE001962E7 /* Assets.xcassets */; };
		CE34608D28706751001962E7 /* Sidebar.swift in Sources */ = {isa = PBXBuildFile; fileRef = CE34608C28706751001962E7 /* Sidebar.swift */; };
		CE34608F28706760001962E7 /* Session.swift in Sources */ = {isa = PBXBuildFile; fileRef = CE34608E28706760001962E7 /* Session.swift */; };
		CE346097287067D2001962E7 /* App.swift in Sources */ = {isa = PBXBuildFile; fileRef = CE346096287067D2001962E7 /* App.swift */; };
		CE34609B287067D3001962E7 /* Assets.xcassets in Resources */ = {isa = PBXBuildFile; fileRef = CE34609A287067D3001962E7 /* Assets.xcassets */; };
		CE3460A528706D04001962E7 /* News in Frameworks */ = {isa = PBXBuildFile; productRef = CE3460A428706D04001962E7 /* News */; };
		CE3C70E028732AD100863C22 /* Middlebar.Field.swift in Sources */ = {isa = PBXBuildFile; fileRef = CE3C70DF28732AD100863C22 /* Middlebar.Field.swift */; };
		CE3C70E228732B0900863C22 /* Middlebar.Cell.swift in Sources */ = {isa = PBXBuildFile; fileRef = CE3C70E128732B0900863C22 /* Middlebar.Cell.swift */; };
		CE3C70E428732B2100863C22 /* Middlebar.Editor.swift in Sources */ = {isa = PBXBuildFile; fileRef = CE3C70E328732B2100863C22 /* Middlebar.Editor.swift */; };
		CE3C70E62873328200863C22 /* Text.swift in Sources */ = {isa = PBXBuildFile; fileRef = CE3C70E52873328200863C22 /* Text.swift */; };
		CE3C70E828733BC400863C22 /* Content.swift in Sources */ = {isa = PBXBuildFile; fileRef = CE3C70E728733BC400863C22 /* Content.swift */; };
		CE3EEC6828804336004060A1 /* Preferences.Update.swift in Sources */ = {isa = PBXBuildFile; fileRef = CE3EEC6728804336004060A1 /* Preferences.Update.swift */; };
		CE5285212875A6EE00F3A688 /* CloudKit.framework in Frameworks */ = {isa = PBXBuildFile; fileRef = CE5285202875A6EE00F3A688 /* CloudKit.framework */; };
		CE9A1C1B2880154600CB6D44 /* Menu.swift in Sources */ = {isa = PBXBuildFile; fileRef = CE9A1C1A2880154600CB6D44 /* Menu.swift */; };
		CE9A1C1D2880155700CB6D44 /* Menu.Link.swift in Sources */ = {isa = PBXBuildFile; fileRef = CE9A1C1C2880155700CB6D44 /* Menu.Link.swift */; };
		CE9A1C1F288015F400CB6D44 /* Menu.Share.swift in Sources */ = {isa = PBXBuildFile; fileRef = CE9A1C1E288015F400CB6D44 /* Menu.Share.swift */; };
		CE9A1C212880163200CB6D44 /* NSMenuItem.swift in Sources */ = {isa = PBXBuildFile; fileRef = CE9A1C202880163200CB6D44 /* NSMenuItem.swift */; };
		CE9B6579287ED83D00AD0D98 /* TextLayer.swift in Sources */ = {isa = PBXBuildFile; fileRef = CE9B6578287ED83D00AD0D98 /* TextLayer.swift */; };
		CE9B657B287ED86700AD0D98 /* ShapeLayer.swift in Sources */ = {isa = PBXBuildFile; fileRef = CE9B657A287ED86700AD0D98 /* ShapeLayer.swift */; };
		CE9DC2F8287DB436004DA15D /* Control.Symbol.swift in Sources */ = {isa = PBXBuildFile; fileRef = CE9DC2F7287DB436004DA15D /* Control.Symbol.swift */; };
		CEAE3BFC287F0B2200B35AF6 /* Filters.swift in Sources */ = {isa = PBXBuildFile; fileRef = CEAE3BFB287F0B2200B35AF6 /* Filters.swift */; };
		CEC5DFAD2871B1F9008C8E56 /* Middlebar.swift in Sources */ = {isa = PBXBuildFile; fileRef = CEC5DFAC2871B1F9008C8E56 /* Middlebar.swift */; };
		CEC5DFAF2871B5B3008C8E56 /* Separator.swift in Sources */ = {isa = PBXBuildFile; fileRef = CEC5DFAE2871B5B3008C8E56 /* Separator.swift */; };
		CEC5DFB12871BB76008C8E56 /* Topbar.swift in Sources */ = {isa = PBXBuildFile; fileRef = CEC5DFB02871BB76008C8E56 /* Topbar.swift */; };
		CEC5DFB32871BD50008C8E56 /* Control.swift in Sources */ = {isa = PBXBuildFile; fileRef = CEC5DFB22871BD50008C8E56 /* Control.swift */; };
		CEC5DFB72871BEBF008C8E56 /* Button.swift in Sources */ = {isa = PBXBuildFile; fileRef = CEC5DFB62871BEBF008C8E56 /* Button.swift */; };
		CED728CB287865210010A4BC /* List.swift in Sources */ = {isa = PBXBuildFile; fileRef = CED728CA287865210010A4BC /* List.swift */; };
		CED728CD287865300010A4BC /* CGRect.swift in Sources */ = {isa = PBXBuildFile; fileRef = CED728CC287865300010A4BC /* CGRect.swift */; };
		CED728CF2878659F0010A4BC /* Flip.swift in Sources */ = {isa = PBXBuildFile; fileRef = CED728CE2878659F0010A4BC /* Flip.swift */; };
		CED728D1287869D90010A4BC /* List.Cell.swift in Sources */ = {isa = PBXBuildFile; fileRef = CED728D0287869D90010A4BC /* List.Cell.swift */; };
		CED728D3287869E50010A4BC /* List.Info.swift in Sources */ = {isa = PBXBuildFile; fileRef = CED728D2287869E50010A4BC /* List.Info.swift */; };
		CED728D528786A0A0010A4BC /* List.State.swift in Sources */ = {isa = PBXBuildFile; fileRef = CED728D428786A0A0010A4BC /* List.State.swift */; };
		CED728D728787B540010A4BC /* Vibrant.swift in Sources */ = {isa = PBXBuildFile; fileRef = CED728D628787B540010A4BC /* Vibrant.swift */; };
/* End PBXBuildFile section */

/* Begin PBXFileReference section */
		CE19C0E4287701C60045E221 /* Preferences.swift */ = {isa = PBXFileReference; lastKnownFileType = sourcecode.swift; path = Preferences.swift; sourceTree = "<group>"; };
		CE19C0E6287702370045E221 /* Preferences.Feeds.swift */ = {isa = PBXFileReference; lastKnownFileType = sourcecode.swift; path = Preferences.Feeds.swift; sourceTree = "<group>"; };
		CE19C0E8287702800045E221 /* Preferences.Feeds.Switch.swift */ = {isa = PBXFileReference; lastKnownFileType = sourcecode.swift; path = Preferences.Feeds.Switch.swift; sourceTree = "<group>"; };
		CE19C0EA287725330045E221 /* Stack.swift */ = {isa = PBXFileReference; lastKnownFileType = sourcecode.swift; path = Stack.swift; sourceTree = "<group>"; };
		CE19C0EC287726150045E221 /* Sidebar.Item.swift */ = {isa = PBXFileReference; lastKnownFileType = sourcecode.swift; path = Sidebar.Item.swift; sourceTree = "<group>"; };
		CE346077287065D9001962E7 /* News */ = {isa = PBXFileReference; lastKnownFileType = wrapper; path = News; sourceTree = "<group>"; };
		CE34607C287066FD001962E7 /* The News.app */ = {isa = PBXFileReference; explicitFileType = wrapper.application; includeInIndex = 0; path = "The News.app"; sourceTree = BUILT_PRODUCTS_DIR; };
		CE34607F287066FD001962E7 /* App.swift */ = {isa = PBXFileReference; lastKnownFileType = sourcecode.swift; path = App.swift; sourceTree = "<group>"; };
		CE346081287066FD001962E7 /* Window.swift */ = {isa = PBXFileReference; lastKnownFileType = sourcecode.swift; path = Window.swift; sourceTree = "<group>"; };
		CE346083287066FE001962E7 /* Assets.xcassets */ = {isa = PBXFileReference; lastKnownFileType = folder.assetcatalog; path = Assets.xcassets; sourceTree = "<group>"; };
		CE346088287066FE001962E7 /* macOS.entitlements */ = {isa = PBXFileReference; lastKnownFileType = text.plist.entitlements; path = macOS.entitlements; sourceTree = "<group>"; };
		CE34608C28706751001962E7 /* Sidebar.swift */ = {isa = PBXFileReference; lastKnownFileType = sourcecode.swift; path = Sidebar.swift; sourceTree = "<group>"; };
		CE34608E28706760001962E7 /* Session.swift */ = {isa = PBXFileReference; lastKnownFileType = sourcecode.swift; path = Session.swift; sourceTree = "<group>"; };
		CE346094287067D2001962E7 /* The News.app */ = {isa = PBXFileReference; explicitFileType = wrapper.application; includeInIndex = 0; path = "The News.app"; sourceTree = BUILT_PRODUCTS_DIR; };
		CE346096287067D2001962E7 /* App.swift */ = {isa = PBXFileReference; lastKnownFileType = sourcecode.swift; path = App.swift; sourceTree = "<group>"; };
		CE34609A287067D3001962E7 /* Assets.xcassets */ = {isa = PBXFileReference; lastKnownFileType = folder.assetcatalog; path = Assets.xcassets; sourceTree = "<group>"; };
		CE3460A228706C3D001962E7 /* Info.plist */ = {isa = PBXFileReference; lastKnownFileType = text.plist; path = Info.plist; sourceTree = "<group>"; };
		CE3C70DF28732AD100863C22 /* Middlebar.Field.swift */ = {isa = PBXFileReference; lastKnownFileType = sourcecode.swift; path = Middlebar.Field.swift; sourceTree = "<group>"; };
		CE3C70E128732B0900863C22 /* Middlebar.Cell.swift */ = {isa = PBXFileReference; lastKnownFileType = sourcecode.swift; path = Middlebar.Cell.swift; sourceTree = "<group>"; };
		CE3C70E328732B2100863C22 /* Middlebar.Editor.swift */ = {isa = PBXFileReference; lastKnownFileType = sourcecode.swift; path = Middlebar.Editor.swift; sourceTree = "<group>"; };
		CE3C70E52873328200863C22 /* Text.swift */ = {isa = PBXFileReference; lastKnownFileType = sourcecode.swift; path = Text.swift; sourceTree = "<group>"; };
		CE3C70E728733BC400863C22 /* Content.swift */ = {isa = PBXFileReference; lastKnownFileType = sourcecode.swift; path = Content.swift; sourceTree = "<group>"; };
		CE3EEC6728804336004060A1 /* Preferences.Update.swift */ = {isa = PBXFileReference; lastKnownFileType = sourcecode.swift; path = Preferences.Update.swift; sourceTree = "<group>"; };
		CE5285202875A6EE00F3A688 /* CloudKit.framework */ = {isa = PBXFileReference; lastKnownFileType = wrapper.framework; name = CloudKit.framework; path = System/Library/Frameworks/CloudKit.framework; sourceTree = SDKROOT; };
		CE9A1C1A2880154600CB6D44 /* Menu.swift */ = {isa = PBXFileReference; lastKnownFileType = sourcecode.swift; path = Menu.swift; sourceTree = "<group>"; };
		CE9A1C1C2880155700CB6D44 /* Menu.Link.swift */ = {isa = PBXFileReference; lastKnownFileType = sourcecode.swift; path = Menu.Link.swift; sourceTree = "<group>"; };
		CE9A1C1E288015F400CB6D44 /* Menu.Share.swift */ = {isa = PBXFileReference; lastKnownFileType = sourcecode.swift; path = Menu.Share.swift; sourceTree = "<group>"; };
		CE9A1C202880163200CB6D44 /* NSMenuItem.swift */ = {isa = PBXFileReference; lastKnownFileType = sourcecode.swift; path = NSMenuItem.swift; sourceTree = "<group>"; };
		CE9B6578287ED83D00AD0D98 /* TextLayer.swift */ = {isa = PBXFileReference; lastKnownFileType = sourcecode.swift; path = TextLayer.swift; sourceTree = "<group>"; };
		CE9B657A287ED86700AD0D98 /* ShapeLayer.swift */ = {isa = PBXFileReference; lastKnownFileType = sourcecode.swift; path = ShapeLayer.swift; sourceTree = "<group>"; };
		CE9DC2F7287DB436004DA15D /* Control.Symbol.swift */ = {isa = PBXFileReference; lastKnownFileType = sourcecode.swift; path = Control.Symbol.swift; sourceTree = "<group>"; };
		CEAE3BFB287F0B2200B35AF6 /* Filters.swift */ = {isa = PBXFileReference; lastKnownFileType = sourcecode.swift; path = Filters.swift; sourceTree = "<group>"; };
		CEC5DFAC2871B1F9008C8E56 /* Middlebar.swift */ = {isa = PBXFileReference; lastKnownFileType = sourcecode.swift; path = Middlebar.swift; sourceTree = "<group>"; };
		CEC5DFAE2871B5B3008C8E56 /* Separator.swift */ = {isa = PBXFileReference; lastKnownFileType = sourcecode.swift; path = Separator.swift; sourceTree = "<group>"; };
		CEC5DFB02871BB76008C8E56 /* Topbar.swift */ = {isa = PBXFileReference; lastKnownFileType = sourcecode.swift; path = Topbar.swift; sourceTree = "<group>"; };
		CEC5DFB22871BD50008C8E56 /* Control.swift */ = {isa = PBXFileReference; lastKnownFileType = sourcecode.swift; path = Control.swift; sourceTree = "<group>"; };
		CEC5DFB62871BEBF008C8E56 /* Button.swift */ = {isa = PBXFileReference; lastKnownFileType = sourcecode.swift; path = Button.swift; sourceTree = "<group>"; };
		CED728CA287865210010A4BC /* List.swift */ = {isa = PBXFileReference; lastKnownFileType = sourcecode.swift; path = List.swift; sourceTree = "<group>"; };
		CED728CC287865300010A4BC /* CGRect.swift */ = {isa = PBXFileReference; lastKnownFileType = sourcecode.swift; path = CGRect.swift; sourceTree = "<group>"; };
		CED728CE2878659F0010A4BC /* Flip.swift */ = {isa = PBXFileReference; lastKnownFileType = sourcecode.swift; path = Flip.swift; sourceTree = "<group>"; };
		CED728D0287869D90010A4BC /* List.Cell.swift */ = {isa = PBXFileReference; lastKnownFileType = sourcecode.swift; path = List.Cell.swift; sourceTree = "<group>"; };
		CED728D2287869E50010A4BC /* List.Info.swift */ = {isa = PBXFileReference; lastKnownFileType = sourcecode.swift; path = List.Info.swift; sourceTree = "<group>"; };
		CED728D428786A0A0010A4BC /* List.State.swift */ = {isa = PBXFileReference; lastKnownFileType = sourcecode.swift; path = List.State.swift; sourceTree = "<group>"; };
		CED728D628787B540010A4BC /* Vibrant.swift */ = {isa = PBXFileReference; lastKnownFileType = sourcecode.swift; path = Vibrant.swift; sourceTree = "<group>"; };
/* End PBXFileReference section */

/* Begin PBXFrameworksBuildPhase section */
		CE346079287066FD001962E7 /* Frameworks */ = {
			isa = PBXFrameworksBuildPhase;
			buildActionMask = 2147483647;
			files = (
				CE3460A528706D04001962E7 /* News in Frameworks */,
				CE5285212875A6EE00F3A688 /* CloudKit.framework in Frameworks */,
			);
			runOnlyForDeploymentPostprocessing = 0;
		};
		CE346091287067D2001962E7 /* Frameworks */ = {
			isa = PBXFrameworksBuildPhase;
			buildActionMask = 2147483647;
			files = (
			);
			runOnlyForDeploymentPostprocessing = 0;
		};
/* End PBXFrameworksBuildPhase section */

/* Begin PBXGroup section */
		CE346070287065B6001962E7 = {
			isa = PBXGroup;
			children = (
				CE346077287065D9001962E7 /* News */,
				CE3460A328706D04001962E7 /* Frameworks */,
				CE346095287067D2001962E7 /* iOS */,
				CE34607E287066FD001962E7 /* macOS */,
				CE34607D287066FD001962E7 /* Products */,
			);
			sourceTree = "<group>";
		};
		CE34607D287066FD001962E7 /* Products */ = {
			isa = PBXGroup;
			children = (
				CE34607C287066FD001962E7 /* The News.app */,
				CE346094287067D2001962E7 /* The News.app */,
			);
			name = Products;
			sourceTree = "<group>";
		};
		CE34607E287066FD001962E7 /* macOS */ = {
			isa = PBXGroup;
			children = (
				CE346088287066FE001962E7 /* macOS.entitlements */,
				CE3460A228706C3D001962E7 /* Info.plist */,
				CE34607F287066FD001962E7 /* App.swift */,
				CEC5DFB62871BEBF008C8E56 /* Button.swift */,
				CED728CC287865300010A4BC /* CGRect.swift */,
				CE3C70E728733BC400863C22 /* Content.swift */,
				CEC5DFB22871BD50008C8E56 /* Control.swift */,
				CE9DC2F7287DB436004DA15D /* Control.Symbol.swift */,
				CEAE3BFB287F0B2200B35AF6 /* Filters.swift */,
				CED728CE2878659F0010A4BC /* Flip.swift */,
				CED728D0287869D90010A4BC /* List.Cell.swift */,
				CED728D2287869E50010A4BC /* List.Info.swift */,
				CED728D428786A0A0010A4BC /* List.State.swift */,
				CED728CA287865210010A4BC /* List.swift */,
				CE9A1C1C2880155700CB6D44 /* Menu.Link.swift */,
				CE9A1C1E288015F400CB6D44 /* Menu.Share.swift */,
				CE9A1C1A2880154600CB6D44 /* Menu.swift */,
				CE3C70E128732B0900863C22 /* Middlebar.Cell.swift */,
				CE3C70E328732B2100863C22 /* Middlebar.Editor.swift */,
				CE3C70DF28732AD100863C22 /* Middlebar.Field.swift */,
				CEC5DFAC2871B1F9008C8E56 /* Middlebar.swift */,
				CE9A1C202880163200CB6D44 /* NSMenuItem.swift */,
				CE19C0E6287702370045E221 /* Preferences.Feeds.swift */,
				CE19C0E8287702800045E221 /* Preferences.Feeds.Switch.swift */,
				CE19C0E4287701C60045E221 /* Preferences.swift */,
				CE3EEC6728804336004060A1 /* Preferences.Update.swift */,
				CEC5DFAE2871B5B3008C8E56 /* Separator.swift */,
				CE34608E28706760001962E7 /* Session.swift */,
				CE9B657A287ED86700AD0D98 /* ShapeLayer.swift */,
				CE19C0EC287726150045E221 /* Sidebar.Item.swift */,
				CE34608C28706751001962E7 /* Sidebar.swift */,
				CE19C0EA287725330045E221 /* Stack.swift */,
				CE3C70E52873328200863C22 /* Text.swift */,
				CE9B6578287ED83D00AD0D98 /* TextLayer.swift */,
				CEC5DFB02871BB76008C8E56 /* Topbar.swift */,
				CED728D628787B540010A4BC /* Vibrant.swift */,
				CE346081287066FD001962E7 /* Window.swift */,
				CE346083287066FE001962E7 /* Assets.xcassets */,
			);
			path = macOS;
			sourceTree = "<group>";
		};
		CE346095287067D2001962E7 /* iOS */ = {
			isa = PBXGroup;
			children = (
				CE346096287067D2001962E7 /* App.swift */,
				CE34609A287067D3001962E7 /* Assets.xcassets */,
			);
			path = iOS;
			sourceTree = "<group>";
		};
		CE3460A328706D04001962E7 /* Frameworks */ = {
			isa = PBXGroup;
			children = (
				CE5285202875A6EE00F3A688 /* CloudKit.framework */,
			);
			name = Frameworks;
			sourceTree = "<group>";
		};
/* End PBXGroup section */

/* Begin PBXNativeTarget section */
		CE34607B287066FD001962E7 /* macOS */ = {
			isa = PBXNativeTarget;
			buildConfigurationList = CE346089287066FE001962E7 /* Build configuration list for PBXNativeTarget "macOS" */;
			buildPhases = (
				CE346078287066FD001962E7 /* Sources */,
				CE346079287066FD001962E7 /* Frameworks */,
				CE34607A287066FD001962E7 /* Resources */,
			);
			buildRules = (
			);
			dependencies = (
			);
			name = macOS;
			packageProductDependencies = (
				CE3460A428706D04001962E7 /* News */,
			);
			productName = macOS;
			productReference = CE34607C287066FD001962E7 /* The News.app */;
			productType = "com.apple.product-type.application";
		};
		CE346093287067D2001962E7 /* iOS */ = {
			isa = PBXNativeTarget;
			buildConfigurationList = CE34609F287067D3001962E7 /* Build configuration list for PBXNativeTarget "iOS" */;
			buildPhases = (
				CE346090287067D2001962E7 /* Sources */,
				CE346091287067D2001962E7 /* Frameworks */,
				CE346092287067D2001962E7 /* Resources */,
			);
			buildRules = (
			);
			dependencies = (
			);
			name = iOS;
			productName = iOS;
			productReference = CE346094287067D2001962E7 /* The News.app */;
			productType = "com.apple.product-type.application";
		};
/* End PBXNativeTarget section */

/* Begin PBXProject section */
		CE346071287065B6001962E7 /* Project object */ = {
			isa = PBXProject;
			attributes = {
				BuildIndependentTargetsInParallel = 1;
				LastSwiftUpdateCheck = 1340;
				LastUpgradeCheck = 1340;
				TargetAttributes = {
					CE34607B287066FD001962E7 = {
						CreatedOnToolsVersion = 13.4.1;
					};
					CE346093287067D2001962E7 = {
						CreatedOnToolsVersion = 13.4.1;
					};
				};
			};
			buildConfigurationList = CE346074287065B6001962E7 /* Build configuration list for PBXProject "The News" */;
			compatibilityVersion = "Xcode 13.0";
			developmentRegion = en;
			hasScannedForEncodings = 0;
			knownRegions = (
				en,
				Base,
			);
			mainGroup = CE346070287065B6001962E7;
			productRefGroup = CE34607D287066FD001962E7 /* Products */;
			projectDirPath = "";
			projectRoot = "";
			targets = (
				CE34607B287066FD001962E7 /* macOS */,
				CE346093287067D2001962E7 /* iOS */,
			);
		};
/* End PBXProject section */

/* Begin PBXResourcesBuildPhase section */
		CE34607A287066FD001962E7 /* Resources */ = {
			isa = PBXResourcesBuildPhase;
			buildActionMask = 2147483647;
			files = (
				CE346084287066FE001962E7 /* Assets.xcassets in Resources */,
			);
			runOnlyForDeploymentPostprocessing = 0;
		};
		CE346092287067D2001962E7 /* Resources */ = {
			isa = PBXResourcesBuildPhase;
			buildActionMask = 2147483647;
			files = (
				CE34609B287067D3001962E7 /* Assets.xcassets in Resources */,
			);
			runOnlyForDeploymentPostprocessing = 0;
		};
/* End PBXResourcesBuildPhase section */

/* Begin PBXSourcesBuildPhase section */
		CE346078287066FD001962E7 /* Sources */ = {
			isa = PBXSourcesBuildPhase;
			buildActionMask = 2147483647;
			files = (
				CEC5DFB72871BEBF008C8E56 /* Button.swift in Sources */,
				CED728CD287865300010A4BC /* CGRect.swift in Sources */,
				CE3C70E228732B0900863C22 /* Middlebar.Cell.swift in Sources */,
				CEAE3BFC287F0B2200B35AF6 /* Filters.swift in Sources */,
				CE3EEC6828804336004060A1 /* Preferences.Update.swift in Sources */,
				CE3C70E028732AD100863C22 /* Middlebar.Field.swift in Sources */,
				CED728D728787B540010A4BC /* Vibrant.swift in Sources */,
				CE19C0E9287702800045E221 /* Preferences.Feeds.Switch.swift in Sources */,
				CE34608F28706760001962E7 /* Session.swift in Sources */,
				CE3C70E428732B2100863C22 /* Middlebar.Editor.swift in Sources */,
				CEC5DFB32871BD50008C8E56 /* Control.swift in Sources */,
				CE9DC2F8287DB436004DA15D /* Control.Symbol.swift in Sources */,
				CED728CF2878659F0010A4BC /* Flip.swift in Sources */,
				CEC5DFB12871BB76008C8E56 /* Topbar.swift in Sources */,
				CE19C0ED287726150045E221 /* Sidebar.Item.swift in Sources */,
				CEC5DFAD2871B1F9008C8E56 /* Middlebar.swift in Sources */,
				CED728D3287869E50010A4BC /* List.Info.swift in Sources */,
				CE3C70E828733BC400863C22 /* Content.swift in Sources */,
				CE346082287066FD001962E7 /* Window.swift in Sources */,
				CED728CB287865210010A4BC /* List.swift in Sources */,
				CE34608D28706751001962E7 /* Sidebar.swift in Sources */,
				CE19C0E7287702370045E221 /* Preferences.Feeds.swift in Sources */,
				CE9B6579287ED83D00AD0D98 /* TextLayer.swift in Sources */,
				CE3C70E62873328200863C22 /* Text.swift in Sources */,
				CED728D528786A0A0010A4BC /* List.State.swift in Sources */,
				CE9A1C212880163200CB6D44 /* NSMenuItem.swift in Sources */,
				CE9A1C1F288015F400CB6D44 /* Menu.Share.swift in Sources */,
				CE9B657B287ED86700AD0D98 /* ShapeLayer.swift in Sources */,
				CE346080287066FD001962E7 /* App.swift in Sources */,
				CED728D1287869D90010A4BC /* List.Cell.swift in Sources */,
				CE9A1C1D2880155700CB6D44 /* Menu.Link.swift in Sources */,
				CE19C0E5287701C60045E221 /* Preferences.swift in Sources */,
				CE19C0EB287725330045E221 /* Stack.swift in Sources */,
				CE9A1C1B2880154600CB6D44 /* Menu.swift in Sources */,
				CEC5DFAF2871B5B3008C8E56 /* Separator.swift in Sources */,
			);
			runOnlyForDeploymentPostprocessing = 0;
		};
		CE346090287067D2001962E7 /* Sources */ = {
			isa = PBXSourcesBuildPhase;
			buildActionMask = 2147483647;
			files = (
				CE346097287067D2001962E7 /* App.swift in Sources */,
			);
			runOnlyForDeploymentPostprocessing = 0;
		};
/* End PBXSourcesBuildPhase section */

/* Begin XCBuildConfiguration section */
		CE346075287065B6001962E7 /* Debug */ = {
			isa = XCBuildConfiguration;
			buildSettings = {
				CLANG_ENABLE_MODULES = YES;
				CURRENT_PROJECT_VERSION = "$(MARKETING_VERSION)";
				DEBUG_INFORMATION_FORMAT = dwarf;
				ENABLE_BITCODE = NO;
				GCC_OPTIMIZATION_LEVEL = 0;
				IPHONEOS_DEPLOYMENT_TARGET = 15.0;
				MACOSX_DEPLOYMENT_TARGET = 12.0;
				MARKETING_VERSION = 1;
				PRODUCT_NAME = "The News";
				SWIFT_COMPILATION_MODE = singlefile;
				SWIFT_INSTALL_OBJC_HEADER = NO;
				SWIFT_OPTIMIZATION_LEVEL = "-Onone";
				SWIFT_OPTIMIZE_OBJECT_LIFETIME = YES;
				SWIFT_VERSION = 5.0;
				WATCHOS_DEPLOYMENT_TARGET = 8.0;
			};
			name = Debug;
		};
		CE346076287065B6001962E7 /* Release */ = {
			isa = XCBuildConfiguration;
			buildSettings = {
				CLANG_ENABLE_MODULES = YES;
				CURRENT_PROJECT_VERSION = "$(MARKETING_VERSION)";
				DEBUG_INFORMATION_FORMAT = "dwarf-with-dsym";
				ENABLE_BITCODE = YES;
				GCC_OPTIMIZATION_LEVEL = fast;
				IPHONEOS_DEPLOYMENT_TARGET = 15.0;
				MACOSX_DEPLOYMENT_TARGET = 12.0;
				MARKETING_VERSION = 1;
				PRODUCT_NAME = "The News";
				SWIFT_COMPILATION_MODE = wholemodule;
				SWIFT_INSTALL_OBJC_HEADER = NO;
				SWIFT_OPTIMIZATION_LEVEL = "-O";
				SWIFT_OPTIMIZE_OBJECT_LIFETIME = YES;
				SWIFT_VERSION = 5.0;
				WATCHOS_DEPLOYMENT_TARGET = 8.0;
			};
			name = Release;
		};
		CE34608A287066FE001962E7 /* Debug */ = {
			isa = XCBuildConfiguration;
			buildSettings = {
				ALWAYS_SEARCH_USER_PATHS = NO;
				ASSETCATALOG_COMPILER_APPICON_NAME = AppIcon;
				ASSETCATALOG_COMPILER_GLOBAL_ACCENT_COLOR_NAME = AccentColor;
				ASSETCATALOG_COMPILER_INCLUDE_ALL_APPICON_ASSETS = YES;
				CLANG_ANALYZER_NONNULL = YES;
				CLANG_ANALYZER_NUMBER_OBJECT_CONVERSION = YES_AGGRESSIVE;
				CLANG_CXX_LANGUAGE_STANDARD = "gnu++17";
				CLANG_ENABLE_OBJC_ARC = YES;
				CLANG_ENABLE_OBJC_WEAK = YES;
				CLANG_WARN_BLOCK_CAPTURE_AUTORELEASING = YES;
				CLANG_WARN_BOOL_CONVERSION = YES;
				CLANG_WARN_COMMA = YES;
				CLANG_WARN_CONSTANT_CONVERSION = YES;
				CLANG_WARN_DEPRECATED_OBJC_IMPLEMENTATIONS = YES;
				CLANG_WARN_DIRECT_OBJC_ISA_USAGE = YES_ERROR;
				CLANG_WARN_DOCUMENTATION_COMMENTS = YES;
				CLANG_WARN_EMPTY_BODY = YES;
				CLANG_WARN_ENUM_CONVERSION = YES;
				CLANG_WARN_INFINITE_RECURSION = YES;
				CLANG_WARN_INT_CONVERSION = YES;
				CLANG_WARN_NON_LITERAL_NULL_CONVERSION = YES;
				CLANG_WARN_OBJC_IMPLICIT_RETAIN_SELF = YES;
				CLANG_WARN_OBJC_LITERAL_CONVERSION = YES;
				CLANG_WARN_OBJC_ROOT_CLASS = YES_ERROR;
				CLANG_WARN_QUOTED_INCLUDE_IN_FRAMEWORK_HEADER = YES;
				CLANG_WARN_RANGE_LOOP_ANALYSIS = YES;
				CLANG_WARN_STRICT_PROTOTYPES = YES;
				CLANG_WARN_SUSPICIOUS_MOVE = YES;
				CLANG_WARN_UNGUARDED_AVAILABILITY = YES_AGGRESSIVE;
				CLANG_WARN_UNREACHABLE_CODE = YES;
				CLANG_WARN__DUPLICATE_METHOD_MATCH = YES;
				CODE_SIGN_ENTITLEMENTS = macOS/macOS.entitlements;
				CODE_SIGN_STYLE = Automatic;
				COMBINE_HIDPI_IMAGES = YES;
				COPY_PHASE_STRIP = NO;
				DEVELOPMENT_TEAM = 7AMWG3RLHN;
				ENABLE_HARDENED_RUNTIME = NO;
				ENABLE_STRICT_OBJC_MSGSEND = YES;
				ENABLE_TESTABILITY = YES;
				GCC_C_LANGUAGE_STANDARD = gnu11;
				GCC_DYNAMIC_NO_PIC = NO;
				GCC_NO_COMMON_BLOCKS = YES;
				GCC_PREPROCESSOR_DEFINITIONS = (
					"DEBUG=1",
					"$(inherited)",
				);
				GCC_WARN_64_TO_32_BIT_CONVERSION = YES;
				GCC_WARN_ABOUT_RETURN_TYPE = YES_ERROR;
				GCC_WARN_UNDECLARED_SELECTOR = YES;
				GCC_WARN_UNINITIALIZED_AUTOS = YES_AGGRESSIVE;
				GCC_WARN_UNUSED_FUNCTION = YES;
				GCC_WARN_UNUSED_VARIABLE = YES;
				GENERATE_INFOPLIST_FILE = YES;
				INFOPLIST_FILE = macOS/Info.plist;
				INFOPLIST_KEY_CFBundleDisplayName = "The News";
				INFOPLIST_KEY_LSApplicationCategoryType = "public.app-category.news";
				INFOPLIST_KEY_NSHumanReadableCopyright = "2022 The News";
				INFOPLIST_KEY_NSPrincipalClass = The_News.App;
				LD_RUNPATH_SEARCH_PATHS = (
					"$(inherited)",
					"@executable_path/../Frameworks",
				);
				MTL_ENABLE_DEBUG_INFO = INCLUDE_SOURCE;
				MTL_FAST_MATH = YES;
				ONLY_ACTIVE_ARCH = YES;
				PRODUCT_BUNDLE_IDENTIFIER = thenewsapp;
				SDKROOT = macosx;
				SWIFT_ACTIVE_COMPILATION_CONDITIONS = DEBUG;
				SWIFT_EMIT_LOC_STRINGS = YES;
			};
			name = Debug;
		};
		CE34608B287066FE001962E7 /* Release */ = {
			isa = XCBuildConfiguration;
			buildSettings = {
				ALWAYS_SEARCH_USER_PATHS = NO;
				ASSETCATALOG_COMPILER_APPICON_NAME = AppIcon;
				ASSETCATALOG_COMPILER_GLOBAL_ACCENT_COLOR_NAME = AccentColor;
				ASSETCATALOG_COMPILER_INCLUDE_ALL_APPICON_ASSETS = YES;
				CLANG_ANALYZER_NONNULL = YES;
				CLANG_ANALYZER_NUMBER_OBJECT_CONVERSION = YES_AGGRESSIVE;
				CLANG_CXX_LANGUAGE_STANDARD = "gnu++17";
				CLANG_ENABLE_OBJC_ARC = YES;
				CLANG_ENABLE_OBJC_WEAK = YES;
				CLANG_WARN_BLOCK_CAPTURE_AUTORELEASING = YES;
				CLANG_WARN_BOOL_CONVERSION = YES;
				CLANG_WARN_COMMA = YES;
				CLANG_WARN_CONSTANT_CONVERSION = YES;
				CLANG_WARN_DEPRECATED_OBJC_IMPLEMENTATIONS = YES;
				CLANG_WARN_DIRECT_OBJC_ISA_USAGE = YES_ERROR;
				CLANG_WARN_DOCUMENTATION_COMMENTS = YES;
				CLANG_WARN_EMPTY_BODY = YES;
				CLANG_WARN_ENUM_CONVERSION = YES;
				CLANG_WARN_INFINITE_RECURSION = YES;
				CLANG_WARN_INT_CONVERSION = YES;
				CLANG_WARN_NON_LITERAL_NULL_CONVERSION = YES;
				CLANG_WARN_OBJC_IMPLICIT_RETAIN_SELF = YES;
				CLANG_WARN_OBJC_LITERAL_CONVERSION = YES;
				CLANG_WARN_OBJC_ROOT_CLASS = YES_ERROR;
				CLANG_WARN_QUOTED_INCLUDE_IN_FRAMEWORK_HEADER = YES;
				CLANG_WARN_RANGE_LOOP_ANALYSIS = YES;
				CLANG_WARN_STRICT_PROTOTYPES = YES;
				CLANG_WARN_SUSPICIOUS_MOVE = YES;
				CLANG_WARN_UNGUARDED_AVAILABILITY = YES_AGGRESSIVE;
				CLANG_WARN_UNREACHABLE_CODE = YES;
				CLANG_WARN__DUPLICATE_METHOD_MATCH = YES;
				CODE_SIGN_ENTITLEMENTS = macOS/macOS.entitlements;
				CODE_SIGN_STYLE = Automatic;
				COMBINE_HIDPI_IMAGES = YES;
				COPY_PHASE_STRIP = NO;
				DEVELOPMENT_TEAM = 7AMWG3RLHN;
				ENABLE_HARDENED_RUNTIME = NO;
				ENABLE_NS_ASSERTIONS = NO;
				ENABLE_STRICT_OBJC_MSGSEND = YES;
				GCC_C_LANGUAGE_STANDARD = gnu11;
				GCC_NO_COMMON_BLOCKS = YES;
				GCC_WARN_64_TO_32_BIT_CONVERSION = YES;
				GCC_WARN_ABOUT_RETURN_TYPE = YES_ERROR;
				GCC_WARN_UNDECLARED_SELECTOR = YES;
				GCC_WARN_UNINITIALIZED_AUTOS = YES_AGGRESSIVE;
				GCC_WARN_UNUSED_FUNCTION = YES;
				GCC_WARN_UNUSED_VARIABLE = YES;
				GENERATE_INFOPLIST_FILE = YES;
				INFOPLIST_FILE = macOS/Info.plist;
				INFOPLIST_KEY_CFBundleDisplayName = "The News";
				INFOPLIST_KEY_LSApplicationCategoryType = "public.app-category.news";
				INFOPLIST_KEY_NSHumanReadableCopyright = "2022 The News";
				INFOPLIST_KEY_NSPrincipalClass = The_News.App;
				LD_RUNPATH_SEARCH_PATHS = (
					"$(inherited)",
					"@executable_path/../Frameworks",
				);
				MTL_ENABLE_DEBUG_INFO = NO;
				MTL_FAST_MATH = YES;
				PRODUCT_BUNDLE_IDENTIFIER = thenewsapp;
				SDKROOT = macosx;
				SWIFT_EMIT_LOC_STRINGS = YES;
			};
			name = Release;
		};
		CE3460A0287067D3001962E7 /* Debug */ = {
			isa = XCBuildConfiguration;
			buildSettings = {
				ALWAYS_SEARCH_USER_PATHS = NO;
				ASSETCATALOG_COMPILER_APPICON_NAME = AppIcon;
				ASSETCATALOG_COMPILER_GLOBAL_ACCENT_COLOR_NAME = AccentColor;
				ASSETCATALOG_COMPILER_INCLUDE_ALL_APPICON_ASSETS = YES;
				CLANG_ANALYZER_NONNULL = YES;
				CLANG_ANALYZER_NUMBER_OBJECT_CONVERSION = YES_AGGRESSIVE;
				CLANG_CXX_LANGUAGE_STANDARD = "gnu++17";
				CLANG_ENABLE_OBJC_ARC = YES;
				CLANG_ENABLE_OBJC_WEAK = YES;
				CLANG_WARN_BLOCK_CAPTURE_AUTORELEASING = YES;
				CLANG_WARN_BOOL_CONVERSION = YES;
				CLANG_WARN_COMMA = YES;
				CLANG_WARN_CONSTANT_CONVERSION = YES;
				CLANG_WARN_DEPRECATED_OBJC_IMPLEMENTATIONS = YES;
				CLANG_WARN_DIRECT_OBJC_ISA_USAGE = YES_ERROR;
				CLANG_WARN_DOCUMENTATION_COMMENTS = YES;
				CLANG_WARN_EMPTY_BODY = YES;
				CLANG_WARN_ENUM_CONVERSION = YES;
				CLANG_WARN_INFINITE_RECURSION = YES;
				CLANG_WARN_INT_CONVERSION = YES;
				CLANG_WARN_NON_LITERAL_NULL_CONVERSION = YES;
				CLANG_WARN_OBJC_IMPLICIT_RETAIN_SELF = YES;
				CLANG_WARN_OBJC_LITERAL_CONVERSION = YES;
				CLANG_WARN_OBJC_ROOT_CLASS = YES_ERROR;
				CLANG_WARN_QUOTED_INCLUDE_IN_FRAMEWORK_HEADER = YES;
				CLANG_WARN_RANGE_LOOP_ANALYSIS = YES;
				CLANG_WARN_STRICT_PROTOTYPES = YES;
				CLANG_WARN_SUSPICIOUS_MOVE = YES;
				CLANG_WARN_UNGUARDED_AVAILABILITY = YES_AGGRESSIVE;
				CLANG_WARN_UNREACHABLE_CODE = YES;
				CLANG_WARN__DUPLICATE_METHOD_MATCH = YES;
				CODE_SIGN_STYLE = Automatic;
				COPY_PHASE_STRIP = NO;
				DEVELOPMENT_TEAM = 7AMWG3RLHN;
				ENABLE_STRICT_OBJC_MSGSEND = YES;
				ENABLE_TESTABILITY = YES;
				GCC_C_LANGUAGE_STANDARD = gnu11;
				GCC_DYNAMIC_NO_PIC = NO;
				GCC_NO_COMMON_BLOCKS = YES;
				GCC_PREPROCESSOR_DEFINITIONS = (
					"DEBUG=1",
					"$(inherited)",
				);
				GCC_WARN_64_TO_32_BIT_CONVERSION = YES;
				GCC_WARN_ABOUT_RETURN_TYPE = YES_ERROR;
				GCC_WARN_UNDECLARED_SELECTOR = YES;
				GCC_WARN_UNINITIALIZED_AUTOS = YES_AGGRESSIVE;
				GCC_WARN_UNUSED_FUNCTION = YES;
				GCC_WARN_UNUSED_VARIABLE = YES;
				GENERATE_INFOPLIST_FILE = YES;
				INFOPLIST_KEY_UIApplicationSceneManifest_Generation = YES;
				INFOPLIST_KEY_UIApplicationSupportsIndirectInputEvents = YES;
				INFOPLIST_KEY_UILaunchScreen_Generation = YES;
				INFOPLIST_KEY_UISupportedInterfaceOrientations_iPad = "UIInterfaceOrientationPortrait UIInterfaceOrientationPortraitUpsideDown UIInterfaceOrientationLandscapeLeft UIInterfaceOrientationLandscapeRight";
				INFOPLIST_KEY_UISupportedInterfaceOrientations_iPhone = "UIInterfaceOrientationPortrait UIInterfaceOrientationLandscapeLeft UIInterfaceOrientationLandscapeRight";
				LD_RUNPATH_SEARCH_PATHS = (
					"$(inherited)",
					"@executable_path/Frameworks",
				);
				MTL_ENABLE_DEBUG_INFO = INCLUDE_SOURCE;
				MTL_FAST_MATH = YES;
				ONLY_ACTIVE_ARCH = YES;
				PRODUCT_BUNDLE_IDENTIFIER = thenewsapp;
				SDKROOT = iphoneos;
				SWIFT_ACTIVE_COMPILATION_CONDITIONS = DEBUG;
				SWIFT_EMIT_LOC_STRINGS = YES;
				TARGETED_DEVICE_FAMILY = "1,2";
			};
			name = Debug;
		};
		CE3460A1287067D3001962E7 /* Release */ = {
			isa = XCBuildConfiguration;
			buildSettings = {
				ALWAYS_SEARCH_USER_PATHS = NO;
				ASSETCATALOG_COMPILER_APPICON_NAME = AppIcon;
				ASSETCATALOG_COMPILER_GLOBAL_ACCENT_COLOR_NAME = AccentColor;
				ASSETCATALOG_COMPILER_INCLUDE_ALL_APPICON_ASSETS = YES;
				CLANG_ANALYZER_NONNULL = YES;
				CLANG_ANALYZER_NUMBER_OBJECT_CONVERSION = YES_AGGRESSIVE;
				CLANG_CXX_LANGUAGE_STANDARD = "gnu++17";
				CLANG_ENABLE_OBJC_ARC = YES;
				CLANG_ENABLE_OBJC_WEAK = YES;
				CLANG_WARN_BLOCK_CAPTURE_AUTORELEASING = YES;
				CLANG_WARN_BOOL_CONVERSION = YES;
				CLANG_WARN_COMMA = YES;
				CLANG_WARN_CONSTANT_CONVERSION = YES;
				CLANG_WARN_DEPRECATED_OBJC_IMPLEMENTATIONS = YES;
				CLANG_WARN_DIRECT_OBJC_ISA_USAGE = YES_ERROR;
				CLANG_WARN_DOCUMENTATION_COMMENTS = YES;
				CLANG_WARN_EMPTY_BODY = YES;
				CLANG_WARN_ENUM_CONVERSION = YES;
				CLANG_WARN_INFINITE_RECURSION = YES;
				CLANG_WARN_INT_CONVERSION = YES;
				CLANG_WARN_NON_LITERAL_NULL_CONVERSION = YES;
				CLANG_WARN_OBJC_IMPLICIT_RETAIN_SELF = YES;
				CLANG_WARN_OBJC_LITERAL_CONVERSION = YES;
				CLANG_WARN_OBJC_ROOT_CLASS = YES_ERROR;
				CLANG_WARN_QUOTED_INCLUDE_IN_FRAMEWORK_HEADER = YES;
				CLANG_WARN_RANGE_LOOP_ANALYSIS = YES;
				CLANG_WARN_STRICT_PROTOTYPES = YES;
				CLANG_WARN_SUSPICIOUS_MOVE = YES;
				CLANG_WARN_UNGUARDED_AVAILABILITY = YES_AGGRESSIVE;
				CLANG_WARN_UNREACHABLE_CODE = YES;
				CLANG_WARN__DUPLICATE_METHOD_MATCH = YES;
				CODE_SIGN_STYLE = Automatic;
				COPY_PHASE_STRIP = NO;
				DEVELOPMENT_TEAM = 7AMWG3RLHN;
				ENABLE_NS_ASSERTIONS = NO;
				ENABLE_STRICT_OBJC_MSGSEND = YES;
				GCC_C_LANGUAGE_STANDARD = gnu11;
				GCC_NO_COMMON_BLOCKS = YES;
				GCC_WARN_64_TO_32_BIT_CONVERSION = YES;
				GCC_WARN_ABOUT_RETURN_TYPE = YES_ERROR;
				GCC_WARN_UNDECLARED_SELECTOR = YES;
				GCC_WARN_UNINITIALIZED_AUTOS = YES_AGGRESSIVE;
				GCC_WARN_UNUSED_FUNCTION = YES;
				GCC_WARN_UNUSED_VARIABLE = YES;
				GENERATE_INFOPLIST_FILE = YES;
				INFOPLIST_KEY_UIApplicationSceneManifest_Generation = YES;
				INFOPLIST_KEY_UIApplicationSupportsIndirectInputEvents = YES;
				INFOPLIST_KEY_UILaunchScreen_Generation = YES;
				INFOPLIST_KEY_UISupportedInterfaceOrientations_iPad = "UIInterfaceOrientationPortrait UIInterfaceOrientationPortraitUpsideDown UIInterfaceOrientationLandscapeLeft UIInterfaceOrientationLandscapeRight";
				INFOPLIST_KEY_UISupportedInterfaceOrientations_iPhone = "UIInterfaceOrientationPortrait UIInterfaceOrientationLandscapeLeft UIInterfaceOrientationLandscapeRight";
				LD_RUNPATH_SEARCH_PATHS = (
					"$(inherited)",
					"@executable_path/Frameworks",
				);
				MTL_ENABLE_DEBUG_INFO = NO;
				MTL_FAST_MATH = YES;
				PRODUCT_BUNDLE_IDENTIFIER = thenewsapp;
				SDKROOT = iphoneos;
				SWIFT_EMIT_LOC_STRINGS = YES;
				TARGETED_DEVICE_FAMILY = "1,2";
				VALIDATE_PRODUCT = YES;
			};
			name = Release;
		};
/* End XCBuildConfiguration section */

/* Begin XCConfigurationList section */
		CE346074287065B6001962E7 /* Build configuration list for PBXProject "The News" */ = {
			isa = XCConfigurationList;
			buildConfigurations = (
				CE346075287065B6001962E7 /* Debug */,
				CE346076287065B6001962E7 /* Release */,
			);
			defaultConfigurationIsVisible = 0;
			defaultConfigurationName = Release;
		};
		CE346089287066FE001962E7 /* Build configuration list for PBXNativeTarget "macOS" */ = {
			isa = XCConfigurationList;
			buildConfigurations = (
				CE34608A287066FE001962E7 /* Debug */,
				CE34608B287066FE001962E7 /* Release */,
			);
			defaultConfigurationIsVisible = 0;
			defaultConfigurationName = Release;
		};
		CE34609F287067D3001962E7 /* Build configuration list for PBXNativeTarget "iOS" */ = {
			isa = XCConfigurationList;
			buildConfigurations = (
				CE3460A0287067D3001962E7 /* Debug */,
				CE3460A1287067D3001962E7 /* Release */,
			);
			defaultConfigurationIsVisible = 0;
			defaultConfigurationName = Release;
		};
/* End XCConfigurationList section */

/* Begin XCSwiftPackageProductDependency section */
		CE3460A428706D04001962E7 /* News */ = {
			isa = XCSwiftPackageProductDependency;
			productName = News;
		};
/* End XCSwiftPackageProductDependency section */
	};
	rootObject = CE346071287065B6001962E7 /* Project object */;
}
